{
  "name": "mywebsite",
  "version": "1.0.0",
  "lockfileVersion": 1,
  "requires": true,
  "dependencies": {
    "howler": {
      "version": "2.0.14",
      "resolved": "https://registry.npmjs.org/howler/-/howler-2.0.14.tgz",
      "integrity": "sha512-U2ao6mRaPjjzOtwQTDA2OMk9ftQ+k+CrdaBrSIxcO6artSNBtK4kwdx8vUoajMvv6vGZWYiQOmBYnffOFWHt7w=="
    }
  }
}
